// !$*UTF8*$!
{
	archiveVersion = 1;
	classes = {
	};
	objectVersion = 46;
	objects = {

/* Begin PBXBuildFile section */
		9007064E1DDBF36700564850 /* Main.storyboard in Resources */ = {isa = PBXBuildFile; fileRef = 9007064D1DDBF36700564850 /* Main.storyboard */; };
		90C45EB81DD9614E003E2CE4 /* AppDelegate.swift in Sources */ = {isa = PBXBuildFile; fileRef = 90C45EB71DD9614E003E2CE4 /* AppDelegate.swift */; };
		90C45EBA1DD9614E003E2CE4 /* ViewController.swift in Sources */ = {isa = PBXBuildFile; fileRef = 90C45EB91DD9614E003E2CE4 /* ViewController.swift */; };
		90C45EC01DD9614E003E2CE4 /* iOS_StepByStep.xcdatamodeld in Sources */ = {isa = PBXBuildFile; fileRef = 90C45EBE1DD9614E003E2CE4 /* iOS_StepByStep.xcdatamodeld */; };
		90C45EC21DD9614E003E2CE4 /* Assets.xcassets in Resources */ = {isa = PBXBuildFile; fileRef = 90C45EC11DD9614E003E2CE4 /* Assets.xcassets */; };
		90C45EC51DD9614E003E2CE4 /* LaunchScreen.storyboard in Resources */ = {isa = PBXBuildFile; fileRef = 90C45EC31DD9614E003E2CE4 /* LaunchScreen.storyboard */; };
		90C45ED01DD9614E003E2CE4 /* iOS_StepByStepTests.swift in Sources */ = {isa = PBXBuildFile; fileRef = 90C45ECF1DD9614E003E2CE4 /* iOS_StepByStepTests.swift */; };
		90C45EDB1DD99F9A003E2CE4 /* CommonViewController.swift in Sources */ = {isa = PBXBuildFile; fileRef = 90C45EDA1DD99F9A003E2CE4 /* CommonViewController.swift */; };
		CB9CBB61D58661283ABD65D0 /* Pods_iOS_StepByStep.framework in Frameworks */ = {isa = PBXBuildFile; fileRef = 74AF7E1E1F07CC7434134544 /* Pods_iOS_StepByStep.framework */; };
/* End PBXBuildFile section */

/* Begin PBXContainerItemProxy section */
		90C45ECC1DD9614E003E2CE4 /* PBXContainerItemProxy */ = {
			isa = PBXContainerItemProxy;
			containerPortal = 90C45EAC1DD9614D003E2CE4 /* Project object */;
			proxyType = 1;
			remoteGlobalIDString = 90C45EB31DD9614E003E2CE4;
			remoteInfo = "iOS-StepByStep";
		};
/* End PBXContainerItemProxy section */

/* Begin PBXFileReference section */
		632574AA52A4FE854A572617 /* Pods-iOS-StepByStep.release.xcconfig */ = {isa = PBXFileReference; includeInIndex = 1; lastKnownFileType = text.xcconfig; name = "Pods-iOS-StepByStep.release.xcconfig"; path = "Pods/Target Support Files/Pods-iOS-StepByStep/Pods-iOS-StepByStep.release.xcconfig"; sourceTree = "<group>"; };
		74AF7E1E1F07CC7434134544 /* Pods_iOS_StepByStep.framework */ = {isa = PBXFileReference; explicitFileType = wrapper.framework; includeInIndex = 0; path = Pods_iOS_StepByStep.framework; sourceTree = BUILT_PRODUCTS_DIR; };
		9007064D1DDBF36700564850 /* Main.storyboard */ = {isa = PBXFileReference; fileEncoding = 4; lastKnownFileType = file.storyboard; path = Main.storyboard; sourceTree = "<group>"; };
		90C45EB41DD9614E003E2CE4 /* iOS-StepByStep.app */ = {isa = PBXFileReference; explicitFileType = wrapper.application; includeInIndex = 0; path = "iOS-StepByStep.app"; sourceTree = BUILT_PRODUCTS_DIR; };
		90C45EB71DD9614E003E2CE4 /* AppDelegate.swift */ = {isa = PBXFileReference; lastKnownFileType = sourcecode.swift; path = AppDelegate.swift; sourceTree = "<group>"; };
		90C45EB91DD9614E003E2CE4 /* ViewController.swift */ = {isa = PBXFileReference; lastKnownFileType = sourcecode.swift; path = ViewController.swift; sourceTree = "<group>"; };
		90C45EBF1DD9614E003E2CE4 /* iOS_StepByStep.xcdatamodel */ = {isa = PBXFileReference; lastKnownFileType = wrapper.xcdatamodel; path = iOS_StepByStep.xcdatamodel; sourceTree = "<group>"; };
		90C45EC11DD9614E003E2CE4 /* Assets.xcassets */ = {isa = PBXFileReference; lastKnownFileType = folder.assetcatalog; path = Assets.xcassets; sourceTree = "<group>"; };
		90C45EC41DD9614E003E2CE4 /* Base */ = {isa = PBXFileReference; lastKnownFileType = file.storyboard; name = Base; path = Base.lproj/LaunchScreen.storyboard; sourceTree = "<group>"; };
		90C45EC61DD9614E003E2CE4 /* Info.plist */ = {isa = PBXFileReference; lastKnownFileType = text.plist.xml; path = Info.plist; sourceTree = "<group>"; };
		90C45ECB1DD9614E003E2CE4 /* iOS-StepByStepTests.xctest */ = {isa = PBXFileReference; explicitFileType = wrapper.cfbundle; includeInIndex = 0; path = "iOS-StepByStepTests.xctest"; sourceTree = BUILT_PRODUCTS_DIR; };
		90C45ECF1DD9614E003E2CE4 /* iOS_StepByStepTests.swift */ = {isa = PBXFileReference; lastKnownFileType = sourcecode.swift; path = iOS_StepByStepTests.swift; sourceTree = "<group>"; };
		90C45ED11DD9614E003E2CE4 /* Info.plist */ = {isa = PBXFileReference; lastKnownFileType = text.plist.xml; path = Info.plist; sourceTree = "<group>"; };
		90C45EDA1DD99F9A003E2CE4 /* CommonViewController.swift */ = {isa = PBXFileReference; fileEncoding = 4; lastKnownFileType = sourcecode.swift; path = CommonViewController.swift; sourceTree = "<group>"; };
		D107E59A3D64559452B2202E /* Pods-iOS-StepByStep.debug.xcconfig */ = {isa = PBXFileReference; includeInIndex = 1; lastKnownFileType = text.xcconfig; name = "Pods-iOS-StepByStep.debug.xcconfig"; path = "Pods/Target Support Files/Pods-iOS-StepByStep/Pods-iOS-StepByStep.debug.xcconfig"; sourceTree = "<group>"; };
/* End PBXFileReference section */

/* Begin PBXFrameworksBuildPhase section */
		90C45EB11DD9614E003E2CE4 /* Frameworks */ = {
			isa = PBXFrameworksBuildPhase;
			buildActionMask = 2147483647;
			files = (
				CB9CBB61D58661283ABD65D0 /* Pods_iOS_StepByStep.framework in Frameworks */,
			);
			runOnlyForDeploymentPostprocessing = 0;
		};
		90C45EC81DD9614E003E2CE4 /* Frameworks */ = {
			isa = PBXFrameworksBuildPhase;
			buildActionMask = 2147483647;
			files = (
			);
			runOnlyForDeploymentPostprocessing = 0;
		};
/* End PBXFrameworksBuildPhase section */

/* Begin PBXGroup section */
		90C45EAB1DD9614D003E2CE4 = {
			isa = PBXGroup;
			children = (
				90C45EB61DD9614E003E2CE4 /* iOS-StepByStep */,
				90C45ECE1DD9614E003E2CE4 /* iOS-StepByStepTests */,
				90C45EB51DD9614E003E2CE4 /* Products */,
				D8DB4A028667EEE664372A29 /* Pods */,
				E596C5BBFD4FCBCB167922DC /* Frameworks */,
			);
			sourceTree = "<group>";
		};
		90C45EB51DD9614E003E2CE4 /* Products */ = {
			isa = PBXGroup;
			children = (
				90C45EB41DD9614E003E2CE4 /* iOS-StepByStep.app */,
				90C45ECB1DD9614E003E2CE4 /* iOS-StepByStepTests.xctest */,
			);
			name = Products;
			sourceTree = "<group>";
		};
		90C45EB61DD9614E003E2CE4 /* iOS-StepByStep */ = {
			isa = PBXGroup;
			children = (
				90C45EB71DD9614E003E2CE4 /* AppDelegate.swift */,
				90C45EB91DD9614E003E2CE4 /* ViewController.swift */,
				90C45EC11DD9614E003E2CE4 /* Assets.xcassets */,
				90C45EC31DD9614E003E2CE4 /* LaunchScreen.storyboard */,
				90C45EC61DD9614E003E2CE4 /* Info.plist */,
				90C45EBE1DD9614E003E2CE4 /* iOS_StepByStep.xcdatamodeld */,
				90C45EDA1DD99F9A003E2CE4 /* CommonViewController.swift */,
				9007064D1DDBF36700564850 /* Main.storyboard */,
			);
			path = "iOS-StepByStep";
			sourceTree = "<group>";
		};
		90C45ECE1DD9614E003E2CE4 /* iOS-StepByStepTests */ = {
			isa = PBXGroup;
			children = (
				90C45ECF1DD9614E003E2CE4 /* iOS_StepByStepTests.swift */,
				90C45ED11DD9614E003E2CE4 /* Info.plist */,
			);
			path = "iOS-StepByStepTests";
			sourceTree = "<group>";
		};
		D8DB4A028667EEE664372A29 /* Pods */ = {
			isa = PBXGroup;
			children = (
				D107E59A3D64559452B2202E /* Pods-iOS-StepByStep.debug.xcconfig */,
				632574AA52A4FE854A572617 /* Pods-iOS-StepByStep.release.xcconfig */,
			);
			name = Pods;
			sourceTree = "<group>";
		};
		E596C5BBFD4FCBCB167922DC /* Frameworks */ = {
			isa = PBXGroup;
			children = (
				74AF7E1E1F07CC7434134544 /* Pods_iOS_StepByStep.framework */,
			);
			name = Frameworks;
			sourceTree = "<group>";
		};
/* End PBXGroup section */

/* Begin PBXNativeTarget section */
		90C45EB31DD9614E003E2CE4 /* iOS-StepByStep */ = {
			isa = PBXNativeTarget;
			buildConfigurationList = 90C45ED41DD9614E003E2CE4 /* Build configuration list for PBXNativeTarget "iOS-StepByStep" */;
			buildPhases = (
				F9AF9FD3D79F99C25F1836CC /* [CP] Check Pods Manifest.lock */,
				90C45EB01DD9614E003E2CE4 /* Sources */,
				90C45EB11DD9614E003E2CE4 /* Frameworks */,
				90C45EB21DD9614E003E2CE4 /* Resources */,
				C04E556CF1B79154625DA090 /* [CP] Embed Pods Frameworks */,
				4F663951D9017E26ACBAA11D /* [CP] Copy Pods Resources */,
			);
			buildRules = (
			);
			dependencies = (
			);
			name = "iOS-StepByStep";
			productName = "iOS-StepByStep";
			productReference = 90C45EB41DD9614E003E2CE4 /* iOS-StepByStep.app */;
			productType = "com.apple.product-type.application";
		};
		90C45ECA1DD9614E003E2CE4 /* iOS-StepByStepTests */ = {
			isa = PBXNativeTarget;
			buildConfigurationList = 90C45ED71DD9614E003E2CE4 /* Build configuration list for PBXNativeTarget "iOS-StepByStepTests" */;
			buildPhases = (
				90C45EC71DD9614E003E2CE4 /* Sources */,
				90C45EC81DD9614E003E2CE4 /* Frameworks */,
				90C45EC91DD9614E003E2CE4 /* Resources */,
			);
			buildRules = (
			);
			dependencies = (
				90C45ECD1DD9614E003E2CE4 /* PBXTargetDependency */,
			);
			name = "iOS-StepByStepTests";
			productName = "iOS-StepByStepTests";
			productReference = 90C45ECB1DD9614E003E2CE4 /* iOS-StepByStepTests.xctest */;
			productType = "com.apple.product-type.bundle.unit-test";
		};
/* End PBXNativeTarget section */

/* Begin PBXProject section */
		90C45EAC1DD9614D003E2CE4 /* Project object */ = {
			isa = PBXProject;
			attributes = {
				LastSwiftUpdateCheck = 0810;
				LastUpgradeCheck = 0810;
				ORGANIZATIONNAME = J1aDong;
				TargetAttributes = {
					90C45EB31DD9614E003E2CE4 = {
						CreatedOnToolsVersion = 8.1;
						DevelopmentTeam = PH2TMWBZ42;
						ProvisioningStyle = Automatic;
					};
					90C45ECA1DD9614E003E2CE4 = {
						CreatedOnToolsVersion = 8.1;
						DevelopmentTeam = PH2TMWBZ42;
						ProvisioningStyle = Automatic;
						TestTargetID = 90C45EB31DD9614E003E2CE4;
					};
				};
			};
			buildConfigurationList = 90C45EAF1DD9614D003E2CE4 /* Build configuration list for PBXProject "iOS-StepByStep" */;
			compatibilityVersion = "Xcode 3.2";
			developmentRegion = English;
			hasScannedForEncodings = 0;
			knownRegions = (
				en,
				Base,
			);
			mainGroup = 90C45EAB1DD9614D003E2CE4;
			productRefGroup = 90C45EB51DD9614E003E2CE4 /* Products */;
			projectDirPath = "";
			projectRoot = "";
			targets = (
				90C45EB31DD9614E003E2CE4 /* iOS-StepByStep */,
				90C45ECA1DD9614E003E2CE4 /* iOS-StepByStepTests */,
			);
		};
/* End PBXProject section */

/* Begin PBXResourcesBuildPhase section */
		90C45EB21DD9614E003E2CE4 /* Resources */ = {
			isa = PBXResourcesBuildPhase;
			buildActionMask = 2147483647;
			files = (
				90C45EC51DD9614E003E2CE4 /* LaunchScreen.storyboard in Resources */,
				90C45EC21DD9614E003E2CE4 /* Assets.xcassets in Resources */,
				9007064E1DDBF36700564850 /* Main.storyboard in Resources */,
			);
			runOnlyForDeploymentPostprocessing = 0;
		};
		90C45EC91DD9614E003E2CE4 /* Resources */ = {
			isa = PBXResourcesBuildPhase;
			buildActionMask = 2147483647;
			files = (
			);
			runOnlyForDeploymentPostprocessing = 0;
		};
/* End PBXResourcesBuildPhase section */

/* Begin PBXShellScriptBuildPhase section */
		4F663951D9017E26ACBAA11D /* [CP] Copy Pods Resources */ = {
			isa = PBXShellScriptBuildPhase;
			buildActionMask = 2147483647;
			files = (
			);
			inputPaths = (
			);
			name = "[CP] Copy Pods Resources";
			outputPaths = (
			);
			runOnlyForDeploymentPostprocessing = 0;
			shellPath = /bin/sh;
			shellScript = "\"${SRCROOT}/Pods/Target Support Files/Pods-iOS-StepByStep/Pods-iOS-StepByStep-resources.sh\"\n";
			showEnvVarsInLog = 0;
		};
		C04E556CF1B79154625DA090 /* [CP] Embed Pods Frameworks */ = {
			isa = PBXShellScriptBuildPhase;
			buildActionMask = 2147483647;
			files = (
			);
			inputPaths = (
			);
			name = "[CP] Embed Pods Frameworks";
			outputPaths = (
			);
			runOnlyForDeploymentPostprocessing = 0;
			shellPath = /bin/sh;
			shellScript = "\"${SRCROOT}/Pods/Target Support Files/Pods-iOS-StepByStep/Pods-iOS-StepByStep-frameworks.sh\"\n";
			showEnvVarsInLog = 0;
		};
		F9AF9FD3D79F99C25F1836CC /* [CP] Check Pods Manifest.lock */ = {
			isa = PBXShellScriptBuildPhase;
			buildActionMask = 2147483647;
			files = (
			);
			inputPaths = (
			);
			name = "[CP] Check Pods Manifest.lock";
			outputPaths = (
			);
			runOnlyForDeploymentPostprocessing = 0;
			shellPath = /bin/sh;
			shellScript = "diff \"${PODS_ROOT}/../Podfile.lock\" \"${PODS_ROOT}/Manifest.lock\" > /dev/null\nif [ $? != 0 ] ; then\n    # print error to STDERR\n    echo \"error: The sandbox is not in sync with the Podfile.lock. Run 'pod install' or update your CocoaPods installation.\" >&2\n    exit 1\nfi\n";
			showEnvVarsInLog = 0;
		};
/* End PBXShellScriptBuildPhase section */

/* Begin PBXSourcesBuildPhase section */
		90C45EB01DD9614E003E2CE4 /* Sources */ = {
			isa = PBXSourcesBuildPhase;
			buildActionMask = 2147483647;
			files = (
				90C45EC01DD9614E003E2CE4 /* iOS_StepByStep.xcdatamodeld in Sources */,
				90C45EBA1DD9614E003E2CE4 /* ViewController.swift in Sources */,
				90C45EB81DD9614E003E2CE4 /* AppDelegate.swift in Sources */,
				90C45EDB1DD99F9A003E2CE4 /* CommonViewController.swift in Sources */,
			);
			runOnlyForDeploymentPostprocessing = 0;
		};
		90C45EC71DD9614E003E2CE4 /* Sources */ = {
			isa = PBXSourcesBuildPhase;
			buildActionMask = 2147483647;
			files = (
				90C45ED01DD9614E003E2CE4 /* iOS_StepByStepTests.swift in Sources */,
			);
			runOnlyForDeploymentPostprocessing = 0;
		};
/* End PBXSourcesBuildPhase section */

/* Begin PBXTargetDependency section */
		90C45ECD1DD9614E003E2CE4 /* PBXTargetDependency */ = {
			isa = PBXTargetDependency;
			target = 90C45EB31DD9614E003E2CE4 /* iOS-StepByStep */;
			targetProxy = 90C45ECC1DD9614E003E2CE4 /* PBXContainerItemProxy */;
		};
/* End PBXTargetDependency section */

/* Begin PBXVariantGroup section */
		90C45EC31DD9614E003E2CE4 /* LaunchScreen.storyboard */ = {
			isa = PBXVariantGroup;
			children = (
				90C45EC41DD9614E003E2CE4 /* Base */,
			);
			name = LaunchScreen.storyboard;
			sourceTree = "<group>";
		};
/* End PBXVariantGroup section */

/* Begin XCBuildConfiguration section */
		90C45ED21DD9614E003E2CE4 /* Debug */ = {
			isa = XCBuildConfiguration;
			buildSettings = {
				ALWAYS_SEARCH_USER_PATHS = NO;
				CLANG_ANALYZER_NONNULL = YES;
				CLANG_CXX_LANGUAGE_STANDARD = "gnu++0x";
				CLANG_CXX_LIBRARY = "libc++";
				CLANG_ENABLE_MODULES = YES;
				CLANG_ENABLE_OBJC_ARC = YES;
				CLANG_WARN_BOOL_CONVERSION = YES;
				CLANG_WARN_CONSTANT_CONVERSION = YES;
				CLANG_WARN_DIRECT_OBJC_ISA_USAGE = YES_ERROR;
				CLANG_WARN_DOCUMENTATION_COMMENTS = YES;
				CLANG_WARN_EMPTY_BODY = YES;
				CLANG_WARN_ENUM_CONVERSION = YES;
				CLANG_WARN_INFINITE_RECURSION = YES;
				CLANG_WARN_INT_CONVERSION = YES;
				CLANG_WARN_OBJC_ROOT_CLASS = YES_ERROR;
				CLANG_WARN_SUSPICIOUS_MOVES = YES;
				CLANG_WARN_UNREACHABLE_CODE = YES;
				CLANG_WARN__DUPLICATE_METHOD_MATCH = YES;
				"CODE_SIGN_IDENTITY[sdk=iphoneos*]" = "iPhone Developer";
				COPY_PHASE_STRIP = NO;
				DEBUG_INFORMATION_FORMAT = dwarf;
				ENABLE_STRICT_OBJC_MSGSEND = YES;
				ENABLE_TESTABILITY = YES;
				GCC_C_LANGUAGE_STANDARD = gnu99;
				GCC_DYNAMIC_NO_PIC = NO;
				GCC_NO_COMMON_BLOCKS = YES;
				GCC_OPTIMIZATION_LEVEL = 0;
				GCC_PREPROCESSOR_DEFINITIONS = (
					"DEBUG=1",
					"$(inherited)",
				);
				GCC_WARN_64_TO_32_BIT_CONVERSION = YES;
				GCC_WARN_ABOUT_RETURN_TYPE = YES_ERROR;
				GCC_WARN_UNDECLARED_SELECTOR = YES;
				GCC_WARN_UNINITIALIZED_AUTOS = YES_AGGRESSIVE;
				GCC_WARN_UNUSED_FUNCTION = YES;
				GCC_WARN_UNUSED_VARIABLE = YES;
				IPHONEOS_DEPLOYMENT_TARGET = 10.1;
				MTL_ENABLE_DEBUG_INFO = YES;
				ONLY_ACTIVE_ARCH = YES;
				SDKROOT = iphoneos;
				SWIFT_ACTIVE_COMPILATION_CONDITIONS = DEBUG;
				SWIFT_OPTIMIZATION_LEVEL = "-Onone";
				TARGETED_DEVICE_FAMILY = "1,2";
			};
			name = Debug;
		};
		90C45ED31DD9614E003E2CE4 /* Release */ = {
			isa = XCBuildConfiguration;
			buildSettings = {
				ALWAYS_SEARCH_USER_PATHS = NO;
				CLANG_ANALYZER_NONNULL = YES;
				CLANG_CXX_LANGUAGE_STANDARD = "gnu++0x";
				CLANG_CXX_LIBRARY = "libc++";
				CLANG_ENABLE_MODULES = YES;
				CLANG_ENABLE_OBJC_ARC = YES;
				CLANG_WARN_BOOL_CONVERSION = YES;
				CLANG_WARN_CONSTANT_CONVERSION = YES;
				CLANG_WARN_DIRECT_OBJC_ISA_USAGE = YES_ERROR;
				CLANG_WARN_DOCUMENTATION_COMMENTS = YES;
				CLANG_WARN_EMPTY_BODY = YES;
				CLANG_WARN_ENUM_CONVERSION = YES;
				CLANG_WARN_INFINITE_RECURSION = YES;
				CLANG_WARN_INT_CONVERSION = YES;
				CLANG_WARN_OBJC_ROOT_CLASS = YES_ERROR;
				CLANG_WARN_SUSPICIOUS_MOVES = YES;
				CLANG_WARN_UNREACHABLE_CODE = YES;
				CLANG_WARN__DUPLICATE_METHOD_MATCH = YES;
				"CODE_SIGN_IDENTITY[sdk=iphoneos*]" = "iPhone Developer";
				COPY_PHASE_STRIP = NO;
				DEBUG_INFORMATION_FORMAT = "dwarf-with-dsym";
				ENABLE_NS_ASSERTIONS = NO;
				ENABLE_STRICT_OBJC_MSGSEND = YES;
				GCC_C_LANGUAGE_STANDARD = gnu99;
				GCC_NO_COMMON_BLOCKS = YES;
				GCC_WARN_64_TO_32_BIT_CONVERSION = YES;
				GCC_WARN_ABOUT_RETURN_TYPE = YES_ERROR;
				GCC_WARN_UNDECLARED_SELECTOR = YES;
				GCC_WARN_UNINITIALIZED_AUTOS = YES_AGGRESSIVE;
				GCC_WARN_UNUSED_FUNCTION = YES;
				GCC_WARN_UNUSED_VARIABLE = YES;
				IPHONEOS_DEPLOYMENT_TARGET = 10.1;
				MTL_ENABLE_DEBUG_INFO = NO;
				SDKROOT = iphoneos;
				SWIFT_OPTIMIZATION_LEVEL = "-Owholemodule";
				TARGETED_DEVICE_FAMILY = "1,2";
				VALIDATE_PRODUCT = YES;
			};
			name = Release;
		};
		90C45ED51DD9614E003E2CE4 /* Debug */ = {
			isa = XCBuildConfiguration;
			baseConfigurationReference = D107E59A3D64559452B2202E /* Pods-iOS-StepByStep.debug.xcconfig */;
			buildSettings = {
				ASSETCATALOG_COMPILER_APPICON_NAME = AppIcon;
				DEVELOPMENT_TEAM = PH2TMWBZ42;
				INFOPLIST_FILE = "iOS-StepByStep/Info.plist";
				LD_RUNPATH_SEARCH_PATHS = "$(inherited) @executable_path/Frameworks";
				PRODUCT_BUNDLE_IDENTIFIER = "com.j1adong.iOS-StepByStep";
				PRODUCT_NAME = "$(TARGET_NAME)";
				SWIFT_VERSION = 3.0;
			};
			name = Debug;
		};
		90C45ED61DD9614E003E2CE4 /* Release */ = {
			isa = XCBuildConfiguration;
			baseConfigurationReference = 632574AA52A4FE854A572617 /* Pods-iOS-StepByStep.release.xcconfig */;
			buildSettings = {
				ASSETCATALOG_COMPILER_APPICON_NAME = AppIcon;
				DEVELOPMENT_TEAM = PH2TMWBZ42;
				INFOPLIST_FILE = "iOS-StepByStep/Info.plist";
				LD_RUNPATH_SEARCH_PATHS = "$(inherited) @executable_path/Frameworks";
				PRODUCT_BUNDLE_IDENTIFIER = "com.j1adong.iOS-StepByStep";
				PRODUCT_NAME = "$(TARGET_NAME)";
				SWIFT_VERSION = 3.0;
			};
			name = Release;
		};
		90C45ED81DD9614E003E2CE4 /* Debug */ = {
			isa = XCBuildConfiguration;
			buildSettings = {
				ALWAYS_EMBED_SWIFT_STANDARD_LIBRARIES = YES;
				BUNDLE_LOADER = "$(TEST_HOST)";
				DEVELOPMENT_TEAM = PH2TMWBZ42;
				INFOPLIST_FILE = "iOS-StepByStepTests/Info.plist";
				LD_RUNPATH_SEARCH_PATHS = "$(inherited) @executable_path/Frameworks @loader_path/Frameworks";
				PRODUCT_BUNDLE_IDENTIFIER = "com.j1adong.iOS-StepByStepTests";
				PRODUCT_NAME = "$(TARGET_NAME)";
				SWIFT_VERSION = 3.0;
				TEST_HOST = "$(BUILT_PRODUCTS_DIR)/iOS-StepByStep.app/iOS-StepByStep";
			};
			name = Debug;
		};
		90C45ED91DD9614E003E2CE4 /* Release */ = {
			isa = XCBuildConfiguration;
			buildSettings = {
				ALWAYS_EMBED_SWIFT_STANDARD_LIBRARIES = YES;
				BUNDLE_LOADER = "$(TEST_HOST)";
				DEVELOPMENT_TEAM = PH2TMWBZ42;
				INFOPLIST_FILE = "iOS-StepByStepTests/Info.plist";
				LD_RUNPATH_SEARCH_PATHS = "$(inherited) @executable_path/Frameworks @loader_path/Frameworks";
				PRODUCT_BUNDLE_IDENTIFIER = "com.j1adong.iOS-StepByStepTests";
				PRODUCT_NAME = "$(TARGET_NAME)";
				SWIFT_VERSION = 3.0;
				TEST_HOST = "$(BUILT_PRODUCTS_DIR)/iOS-StepByStep.app/iOS-StepByStep";
			};
			name = Release;
		};
/* End XCBuildConfiguration section */

/* Begin XCConfigurationList section */
		90C45EAF1DD9614D003E2CE4 /* Build configuration list for PBXProject "iOS-StepByStep" */ = {
			isa = XCConfigurationList;
			buildConfigurations = (
				90C45ED21DD9614E003E2CE4 /* Debug */,
				90C45ED31DD9614E003E2CE4 /* Release */,
			);
			defaultConfigurationIsVisible = 0;
			defaultConfigurationName = Release;
		};
		90C45ED41DD9614E003E2CE4 /* Build configuration list for PBXNativeTarget "iOS-StepByStep" */ = {
			isa = XCConfigurationList;
			buildConfigurations = (
				90C45ED51DD9614E003E2CE4 /* Debug */,
				90C45ED61DD9614E003E2CE4 /* Release */,
			);
			defaultConfigurationIsVisible = 0;
			defaultConfigurationName = Release;
		};
		90C45ED71DD9614E003E2CE4 /* Build configuration list for PBXNativeTarget "iOS-StepByStepTests" */ = {
			isa = XCConfigurationList;
			buildConfigurations = (
				90C45ED81DD9614E003E2CE4 /* Debug */,
				90C45ED91DD9614E003E2CE4 /* Release */,
			);
			defaultConfigurationIsVisible = 0;
			defaultConfigurationName = Release;
		};
/* End XCConfigurationList section */

/* Begin XCVersionGroup section */
		90C45EBE1DD9614E003E2CE4 /* iOS_StepByStep.xcdatamodeld */ = {
			isa = XCVersionGroup;
			children = (
				90C45EBF1DD9614E003E2CE4 /* iOS_StepByStep.xcdatamodel */,
			);
			currentVersion = 90C45EBF1DD9614E003E2CE4 /* iOS_StepByStep.xcdatamodel */;
			path = iOS_StepByStep.xcdatamodeld;
			sourceTree = "<group>";
			versionGroupType = wrapper.xcdatamodel;
		};
/* End XCVersionGroup section */
	};
	rootObject = 90C45EAC1DD9614D003E2CE4 /* Project object */;
}
